
Microsoft Visual Studio Solution File, Format Version 12.00
# Visual Studio Version 17
VisualStudioVersion = 17.1.32407.343
MinimumVisualStudioVersion = 10.0.40219.1
Project("{9A19103F-16F7-4668-BE54-9A1E7A4F7556}") = "ChocoStorageAPI", "ChocoStorageAPI\ChocoStorageAPI.csproj", "{D91A0EC4-D2E6-404F-A84F-31851017F295}"
EndProject
Global
	GlobalSection(SolutionConfigurationPlatforms) = preSolution
		Debug|Any CPU = Debug|Any CPU
		Release|Any CPU = Release|Any CPU
	EndGlobalSection
	GlobalSection(ProjectConfigurationPlatforms) = postSolution
		{D91A0EC4-D2E6-404F-A84F-31851017F295}.Debug|Any CPU.ActiveCfg = Debug|Any CPU
		{D91A0EC4-D2E6-404F-A84F-31851017F295}.Debug|Any CPU.Build.0 = Debug|Any CPU
		{D91A0EC4-D2E6-404F-A84F-31851017F295}.Release|Any CPU.ActiveCfg = Release|Any CPU
		{D91A0EC4-D2E6-404F-A84F-31851017F295}.Release|Any CPU.Build.0 = Release|Any CPU
	EndGlobalSection
	GlobalSection(SolutionProperties) = preSolution
		HideSolutionNode = FALSE
	EndGlobalSection
	GlobalSection(ExtensibilityGlobals) = postSolution
		SolutionGuid = {5150BDC0-178D-4900-840A-E20CB004E0BF}
	EndGlobalSection
EndGlobal
